// !$*UTF8*$!
{
	archiveVersion = 1;
	classes = {
	};
	objectVersion = 55;
	objects = {

/* Begin PBXBuildFile section */
		4F83284D2911F9F50069F936 /* elimLunchApp.swift in Sources */ = {isa = PBXBuildFile; fileRef = 4F83284C2911F9F50069F936 /* elimLunchApp.swift */; };
		4F83284F2911F9F50069F936 /* ContentView.swift in Sources */ = {isa = PBXBuildFile; fileRef = 4F83284E2911F9F50069F936 /* ContentView.swift */; };
		4F8328512911F9F70069F936 /* Assets.xcassets in Resources */ = {isa = PBXBuildFile; fileRef = 4F8328502911F9F70069F936 /* Assets.xcassets */; };
		4F8328542911F9F70069F936 /* Preview Assets.xcassets in Resources */ = {isa = PBXBuildFile; fileRef = 4F8328532911F9F70069F936 /* Preview Assets.xcassets */; };
		4F8328612911FA690069F936 /* WidgetKit.framework in Frameworks */ = {isa = PBXBuildFile; fileRef = 4F8328602911FA690069F936 /* WidgetKit.framework */; };
		4F8328632911FA690069F936 /* SwiftUI.framework in Frameworks */ = {isa = PBXBuildFile; fileRef = 4F8328622911FA690069F936 /* SwiftUI.framework */; };
		4F8328662911FA690069F936 /* FoodScatchWidget.swift in Sources */ = {isa = PBXBuildFile; fileRef = 4F8328652911FA690069F936 /* FoodScatchWidget.swift */; };
		4F8328692911FA6A0069F936 /* Assets.xcassets in Resources */ = {isa = PBXBuildFile; fileRef = 4F8328682911FA6A0069F936 /* Assets.xcassets */; };
		4F83286B2911FA6A0069F936 /* FoodScatchWidget.intentdefinition in Sources */ = {isa = PBXBuildFile; fileRef = 4F8328672911FA690069F936 /* FoodScatchWidget.intentdefinition */; };
		4F83286C2911FA6A0069F936 /* FoodScatchWidget.intentdefinition in Sources */ = {isa = PBXBuildFile; fileRef = 4F8328672911FA690069F936 /* FoodScatchWidget.intentdefinition */; };
		4F83286F2911FA6A0069F936 /* FoodScatchWidgetExtension.appex in Embed App Extensions */ = {isa = PBXBuildFile; fileRef = 4F83285E2911FA690069F936 /* FoodScatchWidgetExtension.appex */; settings = {ATTRIBUTES = (RemoveHeadersOnCopy, ); }; };
		4F832875291229F60069F936 /* MY_HTTP.swift in Sources */ = {isa = PBXBuildFile; fileRef = 4F832874291229F60069F936 /* MY_HTTP.swift */; };
		4FA5150F2913B97400CACF17 /* WidgetKit.framework in Frameworks */ = {isa = PBXBuildFile; fileRef = 4F8328602911FA690069F936 /* WidgetKit.framework */; };
		4FA515102913B97400CACF17 /* SwiftUI.framework in Frameworks */ = {isa = PBXBuildFile; fileRef = 4F8328622911FA690069F936 /* SwiftUI.framework */; };
		4FA515132913B97400CACF17 /* Yu_WidgetsBundle.swift in Sources */ = {isa = PBXBuildFile; fileRef = 4FA515122913B97400CACF17 /* Yu_WidgetsBundle.swift */; };
		4FA515152913B97400CACF17 /* Yu_Widgets.swift in Sources */ = {isa = PBXBuildFile; fileRef = 4FA515142913B97400CACF17 /* Yu_Widgets.swift */; };
		4FA515172913B97500CACF17 /* Assets.xcassets in Resources */ = {isa = PBXBuildFile; fileRef = 4FA515162913B97500CACF17 /* Assets.xcassets */; };
		4FA5151B2913B97500CACF17 /* Yu WidgetsExtension.appex in Embed App Extensions */ = {isa = PBXBuildFile; fileRef = 4FA5150E2913B97400CACF17 /* Yu WidgetsExtension.appex */; settings = {ATTRIBUTES = (RemoveHeadersOnCopy, ); }; };
/* End PBXBuildFile section */

/* Begin PBXContainerItemProxy section */
		4F83286D2911FA6A0069F936 /* PBXContainerItemProxy */ = {
			isa = PBXContainerItemProxy;
			containerPortal = 4F8328412911F9F50069F936 /* Project object */;
			proxyType = 1;
			remoteGlobalIDString = 4F83285D2911FA690069F936;
			remoteInfo = FoodScatchWidgetExtension;
		};
		4FA515192913B97500CACF17 /* PBXContainerItemProxy */ = {
			isa = PBXContainerItemProxy;
			containerPortal = 4F8328412911F9F50069F936 /* Project object */;
			proxyType = 1;
			remoteGlobalIDString = 4FA5150D2913B97400CACF17;
			remoteInfo = "Yu WidgetsExtension";
		};
/* End PBXContainerItemProxy section */

/* Begin PBXCopyFilesBuildPhase section */
		4F8328732911FA6A0069F936 /* Embed App Extensions */ = {
			isa = PBXCopyFilesBuildPhase;
			buildActionMask = 2147483647;
			dstPath = "";
			dstSubfolderSpec = 13;
			files = (
				4F83286F2911FA6A0069F936 /* FoodScatchWidgetExtension.appex in Embed App Extensions */,
				4FA5151B2913B97500CACF17 /* Yu WidgetsExtension.appex in Embed App Extensions */,
			);
			name = "Embed App Extensions";
			runOnlyForDeploymentPostprocessing = 0;
		};
/* End PBXCopyFilesBuildPhase section */

/* Begin PBXFileReference section */
		4F8328492911F9F50069F936 /* elimLunch.app */ = {isa = PBXFileReference; explicitFileType = wrapper.application; includeInIndex = 0; path = elimLunch.app; sourceTree = BUILT_PRODUCTS_DIR; };
		4F83284C2911F9F50069F936 /* elimLunchApp.swift */ = {isa = PBXFileReference; lastKnownFileType = sourcecode.swift; path = elimLunchApp.swift; sourceTree = "<group>"; };
		4F83284E2911F9F50069F936 /* ContentView.swift */ = {isa = PBXFileReference; lastKnownFileType = sourcecode.swift; path = ContentView.swift; sourceTree = "<group>"; };
		4F8328502911F9F70069F936 /* Assets.xcassets */ = {isa = PBXFileReference; lastKnownFileType = folder.assetcatalog; path = Assets.xcassets; sourceTree = "<group>"; };
		4F8328532911F9F70069F936 /* Preview Assets.xcassets */ = {isa = PBXFileReference; lastKnownFileType = folder.assetcatalog; path = "Preview Assets.xcassets"; sourceTree = "<group>"; };
		4F83285E2911FA690069F936 /* FoodScatchWidgetExtension.appex */ = {isa = PBXFileReference; explicitFileType = "wrapper.app-extension"; includeInIndex = 0; path = FoodScatchWidgetExtension.appex; sourceTree = BUILT_PRODUCTS_DIR; };
		4F8328602911FA690069F936 /* WidgetKit.framework */ = {isa = PBXFileReference; lastKnownFileType = wrapper.framework; name = WidgetKit.framework; path = System/Library/Frameworks/WidgetKit.framework; sourceTree = SDKROOT; };
		4F8328622911FA690069F936 /* SwiftUI.framework */ = {isa = PBXFileReference; lastKnownFileType = wrapper.framework; name = SwiftUI.framework; path = System/Library/Frameworks/SwiftUI.framework; sourceTree = SDKROOT; };
		4F8328652911FA690069F936 /* FoodScatchWidget.swift */ = {isa = PBXFileReference; lastKnownFileType = sourcecode.swift; path = FoodScatchWidget.swift; sourceTree = "<group>"; };
		4F8328672911FA690069F936 /* FoodScatchWidget.intentdefinition */ = {isa = PBXFileReference; lastKnownFileType = file.intentdefinition; path = FoodScatchWidget.intentdefinition; sourceTree = "<group>"; };
		4F8328682911FA6A0069F936 /* Assets.xcassets */ = {isa = PBXFileReference; lastKnownFileType = folder.assetcatalog; path = Assets.xcassets; sourceTree = "<group>"; };
		4F83286A2911FA6A0069F936 /* Info.plist */ = {isa = PBXFileReference; lastKnownFileType = text.plist.xml; path = Info.plist; sourceTree = "<group>"; };
		4F832874291229F60069F936 /* MY_HTTP.swift */ = {isa = PBXFileReference; fileEncoding = 4; lastKnownFileType = sourcecode.swift; path = MY_HTTP.swift; sourceTree = "<group>"; };
		4FA5150E2913B97400CACF17 /* Yu WidgetsExtension.appex */ = {isa = PBXFileReference; explicitFileType = "wrapper.app-extension"; includeInIndex = 0; path = "Yu WidgetsExtension.appex"; sourceTree = BUILT_PRODUCTS_DIR; };
		4FA515122913B97400CACF17 /* Yu_WidgetsBundle.swift */ = {isa = PBXFileReference; lastKnownFileType = sourcecode.swift; path = Yu_WidgetsBundle.swift; sourceTree = "<group>"; };
		4FA515142913B97400CACF17 /* Yu_Widgets.swift */ = {isa = PBXFileReference; lastKnownFileType = sourcecode.swift; path = Yu_Widgets.swift; sourceTree = "<group>"; };
		4FA515162913B97500CACF17 /* Assets.xcassets */ = {isa = PBXFileReference; lastKnownFileType = folder.assetcatalog; path = Assets.xcassets; sourceTree = "<group>"; };
		4FA515182913B97500CACF17 /* Info.plist */ = {isa = PBXFileReference; lastKnownFileType = text.plist.xml; path = Info.plist; sourceTree = "<group>"; };
/* End PBXFileReference section */

/* Begin PBXFrameworksBuildPhase section */
		4F8328462911F9F50069F936 /* Frameworks */ = {
			isa = PBXFrameworksBuildPhase;
			buildActionMask = 2147483647;
			files = (
			);
			runOnlyForDeploymentPostprocessing = 0;
		};
		4F83285B2911FA690069F936 /* Frameworks */ = {
			isa = PBXFrameworksBuildPhase;
			buildActionMask = 2147483647;
			files = (
				4F8328632911FA690069F936 /* SwiftUI.framework in Frameworks */,
				4F8328612911FA690069F936 /* WidgetKit.framework in Frameworks */,
			);
			runOnlyForDeploymentPostprocessing = 0;
		};
		4FA5150B2913B97400CACF17 /* Frameworks */ = {
			isa = PBXFrameworksBuildPhase;
			buildActionMask = 2147483647;
			files = (
				4FA515102913B97400CACF17 /* SwiftUI.framework in Frameworks */,
				4FA5150F2913B97400CACF17 /* WidgetKit.framework in Frameworks */,
			);
			runOnlyForDeploymentPostprocessing = 0;
		};
/* End PBXFrameworksBuildPhase section */

/* Begin PBXGroup section */
		4F8328402911F9F50069F936 = {
			isa = PBXGroup;
			children = (
				4F83284B2911F9F50069F936 /* elimLunch */,
				4F8328642911FA690069F936 /* FoodScatchWidget */,
				4FA515112913B97400CACF17 /* Yu Widgets */,
				4F83285F2911FA690069F936 /* Frameworks */,
				4F83284A2911F9F50069F936 /* Products */,
			);
			sourceTree = "<group>";
		};
		4F83284A2911F9F50069F936 /* Products */ = {
			isa = PBXGroup;
			children = (
				4F8328492911F9F50069F936 /* elimLunch.app */,
				4F83285E2911FA690069F936 /* FoodScatchWidgetExtension.appex */,
				4FA5150E2913B97400CACF17 /* Yu WidgetsExtension.appex */,
			);
			name = Products;
			sourceTree = "<group>";
		};
		4F83284B2911F9F50069F936 /* elimLunch */ = {
			isa = PBXGroup;
			children = (
				4F832874291229F60069F936 /* MY_HTTP.swift */,
				4F83284C2911F9F50069F936 /* elimLunchApp.swift */,
				4F83284E2911F9F50069F936 /* ContentView.swift */,
				4F8328502911F9F70069F936 /* Assets.xcassets */,
				4F8328522911F9F70069F936 /* Preview Content */,
			);
			path = elimLunch;
			sourceTree = "<group>";
		};
		4F8328522911F9F70069F936 /* Preview Content */ = {
			isa = PBXGroup;
			children = (
				4F8328532911F9F70069F936 /* Preview Assets.xcassets */,
			);
			path = "Preview Content";
			sourceTree = "<group>";
		};
		4F83285F2911FA690069F936 /* Frameworks */ = {
			isa = PBXGroup;
			children = (
				4F8328602911FA690069F936 /* WidgetKit.framework */,
				4F8328622911FA690069F936 /* SwiftUI.framework */,
			);
			name = Frameworks;
			sourceTree = "<group>";
		};
		4F8328642911FA690069F936 /* FoodScatchWidget */ = {
			isa = PBXGroup;
			children = (
				4F8328652911FA690069F936 /* FoodScatchWidget.swift */,
				4F8328672911FA690069F936 /* FoodScatchWidget.intentdefinition */,
				4F8328682911FA6A0069F936 /* Assets.xcassets */,
				4F83286A2911FA6A0069F936 /* Info.plist */,
			);
			path = FoodScatchWidget;
			sourceTree = "<group>";
		};
		4FA515112913B97400CACF17 /* Yu Widgets */ = {
			isa = PBXGroup;
			children = (
				4FA515122913B97400CACF17 /* Yu_WidgetsBundle.swift */,
				4FA515142913B97400CACF17 /* Yu_Widgets.swift */,
				4FA515162913B97500CACF17 /* Assets.xcassets */,
				4FA515182913B97500CACF17 /* Info.plist */,
			);
			path = "Yu Widgets";
			sourceTree = "<group>";
		};
/* End PBXGroup section */

/* Begin PBXNativeTarget section */
		4F8328482911F9F50069F936 /* elimLunch */ = {
			isa = PBXNativeTarget;
			buildConfigurationList = 4F8328572911F9F70069F936 /* Build configuration list for PBXNativeTarget "elimLunch" */;
			buildPhases = (
				4F8328452911F9F50069F936 /* Sources */,
				4F8328462911F9F50069F936 /* Frameworks */,
				4F8328472911F9F50069F936 /* Resources */,
				4F8328732911FA6A0069F936 /* Embed App Extensions */,
			);
			buildRules = (
			);
			dependencies = (
				4F83286E2911FA6A0069F936 /* PBXTargetDependency */,
				4FA5151A2913B97500CACF17 /* PBXTargetDependency */,
			);
			name = elimLunch;
			productName = elimLunch;
			productReference = 4F8328492911F9F50069F936 /* elimLunch.app */;
			productType = "com.apple.product-type.application";
		};
		4F83285D2911FA690069F936 /* FoodScatchWidgetExtension */ = {
			isa = PBXNativeTarget;
			buildConfigurationList = 4F8328702911FA6A0069F936 /* Build configuration list for PBXNativeTarget "FoodScatchWidgetExtension" */;
			buildPhases = (
				4F83285A2911FA690069F936 /* Sources */,
				4F83285B2911FA690069F936 /* Frameworks */,
				4F83285C2911FA690069F936 /* Resources */,
			);
			buildRules = (
			);
			dependencies = (
			);
			name = FoodScatchWidgetExtension;
			productName = FoodScatchWidgetExtension;
			productReference = 4F83285E2911FA690069F936 /* FoodScatchWidgetExtension.appex */;
			productType = "com.apple.product-type.app-extension";
		};
		4FA5150D2913B97400CACF17 /* Yu WidgetsExtension */ = {
			isa = PBXNativeTarget;
			buildConfigurationList = 4FA5151C2913B97500CACF17 /* Build configuration list for PBXNativeTarget "Yu WidgetsExtension" */;
			buildPhases = (
				4FA5150A2913B97400CACF17 /* Sources */,
				4FA5150B2913B97400CACF17 /* Frameworks */,
				4FA5150C2913B97400CACF17 /* Resources */,
			);
			buildRules = (
			);
			dependencies = (
			);
			name = "Yu WidgetsExtension";
			productName = "Yu WidgetsExtension";
			productReference = 4FA5150E2913B97400CACF17 /* Yu WidgetsExtension.appex */;
			productType = "com.apple.product-type.app-extension";
		};
/* End PBXNativeTarget section */

/* Begin PBXProject section */
		4F8328412911F9F50069F936 /* Project object */ = {
			isa = PBXProject;
			attributes = {
				BuildIndependentTargetsInParallel = 1;
				LastSwiftUpdateCheck = 1410;
				LastUpgradeCheck = 1340;
				TargetAttributes = {
					4F8328482911F9F50069F936 = {
						CreatedOnToolsVersion = 13.4.1;
					};
					4F83285D2911FA690069F936 = {
						CreatedOnToolsVersion = 13.4.1;
					};
					4FA5150D2913B97400CACF17 = {
						CreatedOnToolsVersion = 14.1;
					};
				};
			};
			buildConfigurationList = 4F8328442911F9F50069F936 /* Build configuration list for PBXProject "elimLunch" */;
			compatibilityVersion = "Xcode 13.0";
			developmentRegion = en;
			hasScannedForEncodings = 0;
			knownRegions = (
				en,
				Base,
			);
			mainGroup = 4F8328402911F9F50069F936;
			productRefGroup = 4F83284A2911F9F50069F936 /* Products */;
			projectDirPath = "";
			projectRoot = "";
			targets = (
				4F8328482911F9F50069F936 /* elimLunch */,
				4F83285D2911FA690069F936 /* FoodScatchWidgetExtension */,
				4FA5150D2913B97400CACF17 /* Yu WidgetsExtension */,
			);
		};
/* End PBXProject section */

/* Begin PBXResourcesBuildPhase section */
		4F8328472911F9F50069F936 /* Resources */ = {
			isa = PBXResourcesBuildPhase;
			buildActionMask = 2147483647;
			files = (
				4F8328542911F9F70069F936 /* Preview Assets.xcassets in Resources */,
				4F8328512911F9F70069F936 /* Assets.xcassets in Resources */,
			);
			runOnlyForDeploymentPostprocessing = 0;
		};
		4F83285C2911FA690069F936 /* Resources */ = {
			isa = PBXResourcesBuildPhase;
			buildActionMask = 2147483647;
			files = (
				4F8328692911FA6A0069F936 /* Assets.xcassets in Resources */,
			);
			runOnlyForDeploymentPostprocessing = 0;
		};
		4FA5150C2913B97400CACF17 /* Resources */ = {
			isa = PBXResourcesBuildPhase;
			buildActionMask = 2147483647;
			files = (
				4FA515172913B97500CACF17 /* Assets.xcassets in Resources */,
			);
			runOnlyForDeploymentPostprocessing = 0;
		};
/* End PBXResourcesBuildPhase section */

/* Begin PBXSourcesBuildPhase section */
		4F8328452911F9F50069F936 /* Sources */ = {
			isa = PBXSourcesBuildPhase;
			buildActionMask = 2147483647;
			files = (
				4F83284F2911F9F50069F936 /* ContentView.swift in Sources */,
				4F832875291229F60069F936 /* MY_HTTP.swift in Sources */,
				4F83286C2911FA6A0069F936 /* FoodScatchWidget.intentdefinition in Sources */,
				4F83284D2911F9F50069F936 /* elimLunchApp.swift in Sources */,
			);
			runOnlyForDeploymentPostprocessing = 0;
		};
		4F83285A2911FA690069F936 /* Sources */ = {
			isa = PBXSourcesBuildPhase;
			buildActionMask = 2147483647;
			files = (
				4F83286B2911FA6A0069F936 /* FoodScatchWidget.intentdefinition in Sources */,
				4F8328662911FA690069F936 /* FoodScatchWidget.swift in Sources */,
			);
			runOnlyForDeploymentPostprocessing = 0;
		};
		4FA5150A2913B97400CACF17 /* Sources */ = {
			isa = PBXSourcesBuildPhase;
			buildActionMask = 2147483647;
			files = (
				4FA515132913B97400CACF17 /* Yu_WidgetsBundle.swift in Sources */,
				4FA515152913B97400CACF17 /* Yu_Widgets.swift in Sources */,
			);
			runOnlyForDeploymentPostprocessing = 0;
		};
/* End PBXSourcesBuildPhase section */

/* Begin PBXTargetDependency section */
		4F83286E2911FA6A0069F936 /* PBXTargetDependency */ = {
			isa = PBXTargetDependency;
			target = 4F83285D2911FA690069F936 /* FoodScatchWidgetExtension */;
			targetProxy = 4F83286D2911FA6A0069F936 /* PBXContainerItemProxy */;
		};
		4FA5151A2913B97500CACF17 /* PBXTargetDependency */ = {
			isa = PBXTargetDependency;
			target = 4FA5150D2913B97400CACF17 /* Yu WidgetsExtension */;
			targetProxy = 4FA515192913B97500CACF17 /* PBXContainerItemProxy */;
		};
/* End PBXTargetDependency section */

/* Begin XCBuildConfiguration section */
		4F8328552911F9F70069F936 /* Debug */ = {
			isa = XCBuildConfiguration;
			buildSettings = {
				ALWAYS_SEARCH_USER_PATHS = NO;
				CLANG_ANALYZER_NONNULL = YES;
				CLANG_ANALYZER_NUMBER_OBJECT_CONVERSION = YES_AGGRESSIVE;
				CLANG_CXX_LANGUAGE_STANDARD = "gnu++17";
				CLANG_ENABLE_MODULES = YES;
				CLANG_ENABLE_OBJC_ARC = YES;
				CLANG_ENABLE_OBJC_WEAK = YES;
				CLANG_WARN_BLOCK_CAPTURE_AUTORELEASING = YES;
				CLANG_WARN_BOOL_CONVERSION = YES;
				CLANG_WARN_COMMA = YES;
				CLANG_WARN_CONSTANT_CONVERSION = YES;
				CLANG_WARN_DEPRECATED_OBJC_IMPLEMENTATIONS = YES;
				CLANG_WARN_DIRECT_OBJC_ISA_USAGE = YES_ERROR;
				CLANG_WARN_DOCUMENTATION_COMMENTS = YES;
				CLANG_WARN_EMPTY_BODY = YES;
				CLANG_WARN_ENUM_CONVERSION = YES;
				CLANG_WARN_INFINITE_RECURSION = YES;
				CLANG_WARN_INT_CONVERSION = YES;
				CLANG_WARN_NON_LITERAL_NULL_CONVERSION = YES;
				CLANG_WARN_OBJC_IMPLICIT_RETAIN_SELF = YES;
				CLANG_WARN_OBJC_LITERAL_CONVERSION = YES;
				CLANG_WARN_OBJC_ROOT_CLASS = YES_ERROR;
				CLANG_WARN_QUOTED_INCLUDE_IN_FRAMEWORK_HEADER = YES;
				CLANG_WARN_RANGE_LOOP_ANALYSIS = YES;
				CLANG_WARN_STRICT_PROTOTYPES = YES;
				CLANG_WARN_SUSPICIOUS_MOVE = YES;
				CLANG_WARN_UNGUARDED_AVAILABILITY = YES_AGGRESSIVE;
				CLANG_WARN_UNREACHABLE_CODE = YES;
				CLANG_WARN__DUPLICATE_METHOD_MATCH = YES;
				COPY_PHASE_STRIP = NO;
				DEBUG_INFORMATION_FORMAT = dwarf;
				ENABLE_STRICT_OBJC_MSGSEND = YES;
				ENABLE_TESTABILITY = YES;
				GCC_C_LANGUAGE_STANDARD = gnu11;
				GCC_DYNAMIC_NO_PIC = NO;
				GCC_NO_COMMON_BLOCKS = YES;
				GCC_OPTIMIZATION_LEVEL = 0;
				GCC_PREPROCESSOR_DEFINITIONS = (
					"DEBUG=1",
					"$(inherited)",
				);
				GCC_WARN_64_TO_32_BIT_CONVERSION = YES;
				GCC_WARN_ABOUT_RETURN_TYPE = YES_ERROR;
				GCC_WARN_UNDECLARED_SELECTOR = YES;
				GCC_WARN_UNINITIALIZED_AUTOS = YES_AGGRESSIVE;
				GCC_WARN_UNUSED_FUNCTION = YES;
				GCC_WARN_UNUSED_VARIABLE = YES;
				IPHONEOS_DEPLOYMENT_TARGET = 15.5;
				MTL_ENABLE_DEBUG_INFO = INCLUDE_SOURCE;
				MTL_FAST_MATH = YES;
				ONLY_ACTIVE_ARCH = YES;
				SDKROOT = iphoneos;
				SWIFT_ACTIVE_COMPILATION_CONDITIONS = DEBUG;
				SWIFT_OPTIMIZATION_LEVEL = "-Onone";
			};
			name = Debug;
		};
		4F8328562911F9F70069F936 /* Release */ = {
			isa = XCBuildConfiguration;
			buildSettings = {
				ALWAYS_SEARCH_USER_PATHS = NO;
				CLANG_ANALYZER_NONNULL = YES;
				CLANG_ANALYZER_NUMBER_OBJECT_CONVERSION = YES_AGGRESSIVE;
				CLANG_CXX_LANGUAGE_STANDARD = "gnu++17";
				CLANG_ENABLE_MODULES = YES;
				CLANG_ENABLE_OBJC_ARC = YES;
				CLANG_ENABLE_OBJC_WEAK = YES;
				CLANG_WARN_BLOCK_CAPTURE_AUTORELEASING = YES;
				CLANG_WARN_BOOL_CONVERSION = YES;
				CLANG_WARN_COMMA = YES;
				CLANG_WARN_CONSTANT_CONVERSION = YES;
				CLANG_WARN_DEPRECATED_OBJC_IMPLEMENTATIONS = YES;
				CLANG_WARN_DIRECT_OBJC_ISA_USAGE = YES_ERROR;
				CLANG_WARN_DOCUMENTATION_COMMENTS = YES;
				CLANG_WARN_EMPTY_BODY = YES;
				CLANG_WARN_ENUM_CONVERSION = YES;
				CLANG_WARN_INFINITE_RECURSION = YES;
				CLANG_WARN_INT_CONVERSION = YES;
				CLANG_WARN_NON_LITERAL_NULL_CONVERSION = YES;
				CLANG_WARN_OBJC_IMPLICIT_RETAIN_SELF = YES;
				CLANG_WARN_OBJC_LITERAL_CONVERSION = YES;
				CLANG_WARN_OBJC_ROOT_CLASS = YES_ERROR;
				CLANG_WARN_QUOTED_INCLUDE_IN_FRAMEWORK_HEADER = YES;
				CLANG_WARN_RANGE_LOOP_ANALYSIS = YES;
				CLANG_WARN_STRICT_PROTOTYPES = YES;
				CLANG_WARN_SUSPICIOUS_MOVE = YES;
				CLANG_WARN_UNGUARDED_AVAILABILITY = YES_AGGRESSIVE;
				CLANG_WARN_UNREACHABLE_CODE = YES;
				CLANG_WARN__DUPLICATE_METHOD_MATCH = YES;
				COPY_PHASE_STRIP = NO;
				DEBUG_INFORMATION_FORMAT = "dwarf-with-dsym";
				ENABLE_NS_ASSERTIONS = NO;
				ENABLE_STRICT_OBJC_MSGSEND = YES;
				GCC_C_LANGUAGE_STANDARD = gnu11;
				GCC_NO_COMMON_BLOCKS = YES;
				GCC_WARN_64_TO_32_BIT_CONVERSION = YES;
				GCC_WARN_ABOUT_RETURN_TYPE = YES_ERROR;
				GCC_WARN_UNDECLARED_SELECTOR = YES;
				GCC_WARN_UNINITIALIZED_AUTOS = YES_AGGRESSIVE;
				GCC_WARN_UNUSED_FUNCTION = YES;
				GCC_WARN_UNUSED_VARIABLE = YES;
				IPHONEOS_DEPLOYMENT_TARGET = 15.5;
				MTL_ENABLE_DEBUG_INFO = NO;
				MTL_FAST_MATH = YES;
				SDKROOT = iphoneos;
				SWIFT_COMPILATION_MODE = wholemodule;
				SWIFT_OPTIMIZATION_LEVEL = "-O";
				VALIDATE_PRODUCT = YES;
			};
			name = Release;
		};
		4F8328582911F9F70069F936 /* Debug */ = {
			isa = XCBuildConfiguration;
			buildSettings = {
				ALWAYS_EMBED_SWIFT_STANDARD_LIBRARIES = YES;
				ASSETCATALOG_COMPILER_APPICON_NAME = AppIcon;
				ASSETCATALOG_COMPILER_GLOBAL_ACCENT_COLOR_NAME = AccentColor;
				CODE_SIGN_STYLE = Automatic;
				CURRENT_PROJECT_VERSION = 1;
				DEVELOPMENT_ASSET_PATHS = "\"elimLunch/Preview Content\"";
				DEVELOPMENT_TEAM = R98ZVC8RBD;
				ENABLE_PREVIEWS = YES;
				GENERATE_INFOPLIST_FILE = YES;
				INFOPLIST_KEY_UIApplicationSceneManifest_Generation = YES;
				INFOPLIST_KEY_UIApplicationSupportsIndirectInputEvents = YES;
				INFOPLIST_KEY_UILaunchScreen_Generation = YES;
				INFOPLIST_KEY_UISupportedInterfaceOrientations_iPad = "UIInterfaceOrientationPortrait UIInterfaceOrientationPortraitUpsideDown UIInterfaceOrientationLandscapeLeft UIInterfaceOrientationLandscapeRight";
				INFOPLIST_KEY_UISupportedInterfaceOrientations_iPhone = "UIInterfaceOrientationPortrait UIInterfaceOrientationLandscapeLeft UIInterfaceOrientationLandscapeRight";
				IPHONEOS_DEPLOYMENT_TARGET = 16.1;
				LD_RUNPATH_SEARCH_PATHS = (
					"$(inherited)",
					"@executable_path/Frameworks",
				);
				MARKETING_VERSION = 1.0;
				PRODUCT_BUNDLE_IDENTIFIER = vm11.elim.nowapp.elimLunch2;
				PRODUCT_NAME = "$(TARGET_NAME)";
				SWIFT_EMIT_LOC_STRINGS = YES;
				SWIFT_VERSION = 5.0;
				TARGETED_DEVICE_FAMILY = "1,2";
			};
			name = Debug;
		};
		4F8328592911F9F70069F936 /* Release */ = {
			isa = XCBuildConfiguration;
			buildSettings = {
				ALWAYS_EMBED_SWIFT_STANDARD_LIBRARIES = YES;
				ASSETCATALOG_COMPILER_APPICON_NAME = AppIcon;
				ASSETCATALOG_COMPILER_GLOBAL_ACCENT_COLOR_NAME = AccentColor;
				CODE_SIGN_STYLE = Automatic;
				CURRENT_PROJECT_VERSION = 1;
				DEVELOPMENT_ASSET_PATHS = "\"elimLunch/Preview Content\"";
				DEVELOPMENT_TEAM = R98ZVC8RBD;
				ENABLE_PREVIEWS = YES;
				GENERATE_INFOPLIST_FILE = YES;
				INFOPLIST_KEY_UIApplicationSceneManifest_Generation = YES;
				INFOPLIST_KEY_UIApplicationSupportsIndirectInputEvents = YES;
				INFOPLIST_KEY_UILaunchScreen_Generation = YES;
				INFOPLIST_KEY_UISupportedInterfaceOrientations_iPad = "UIInterfaceOrientationPortrait UIInterfaceOrientationPortraitUpsideDown UIInterfaceOrientationLandscapeLeft UIInterfaceOrientationLandscapeRight";
				INFOPLIST_KEY_UISupportedInterfaceOrientations_iPhone = "UIInterfaceOrientationPortrait UIInterfaceOrientationLandscapeLeft UIInterfaceOrientationLandscapeRight";
				IPHONEOS_DEPLOYMENT_TARGET = 16.1;
				LD_RUNPATH_SEARCH_PATHS = (
					"$(inherited)",
					"@executable_path/Frameworks",
				);
				MARKETING_VERSION = 1.0;
				PRODUCT_BUNDLE_IDENTIFIER = vm11.elim.nowapp.elimLunch2;
				PRODUCT_NAME = "$(TARGET_NAME)";
				SWIFT_EMIT_LOC_STRINGS = YES;
				SWIFT_VERSION = 5.0;
				TARGETED_DEVICE_FAMILY = "1,2";
			};
			name = Release;
		};
		4F8328712911FA6A0069F936 /* Debug */ = {
			isa = XCBuildConfiguration;
			buildSettings = {
				ASSETCATALOG_COMPILER_GLOBAL_ACCENT_COLOR_NAME = AccentColor;
				ASSETCATALOG_COMPILER_WIDGET_BACKGROUND_COLOR_NAME = WidgetBackground;
				CODE_SIGN_STYLE = Automatic;
				CURRENT_PROJECT_VERSION = 1;
				DEVELOPMENT_TEAM = R98ZVC8RBD;
				GENERATE_INFOPLIST_FILE = YES;
				INFOPLIST_FILE = FoodScatchWidget/Info.plist;
				INFOPLIST_KEY_CFBundleDisplayName = FoodScatchWidget;
				INFOPLIST_KEY_NSHumanReadableCopyright = "";
				IPHONEOS_DEPLOYMENT_TARGET = 16.1;
				LD_RUNPATH_SEARCH_PATHS = (
					"$(inherited)",
					"@executable_path/Frameworks",
					"@executable_path/../../Frameworks",
				);
				MARKETING_VERSION = 1.0;
				PRODUCT_BUNDLE_IDENTIFIER = vm11.elim.nowapp.elimLunch2.FoodScatchWidget;
				PRODUCT_NAME = "$(TARGET_NAME)";
				SKIP_INSTALL = YES;
				SWIFT_EMIT_LOC_STRINGS = YES;
				SWIFT_VERSION = 5.0;
				TARGETED_DEVICE_FAMILY = "1,2";
			};
			name = Debug;
		};
		4F8328722911FA6A0069F936 /* Release */ = {
			isa = XCBuildConfiguration;
			buildSettings = {
				ASSETCATALOG_COMPILER_GLOBAL_ACCENT_COLOR_NAME = AccentColor;
				ASSETCATALOG_COMPILER_WIDGET_BACKGROUND_COLOR_NAME = WidgetBackground;
				CODE_SIGN_STYLE = Automatic;
				CURRENT_PROJECT_VERSION = 1;
				DEVELOPMENT_TEAM = R98ZVC8RBD;
				GENERATE_INFOPLIST_FILE = YES;
				INFOPLIST_FILE = FoodScatchWidget/Info.plist;
				INFOPLIST_KEY_CFBundleDisplayName = FoodScatchWidget;
				INFOPLIST_KEY_NSHumanReadableCopyright = "";
				IPHONEOS_DEPLOYMENT_TARGET = 16.1;
				LD_RUNPATH_SEARCH_PATHS = (
					"$(inherited)",
					"@executable_path/Frameworks",
					"@executable_path/../../Frameworks",
				);
				MARKETING_VERSION = 1.0;
				PRODUCT_BUNDLE_IDENTIFIER = vm11.elim.nowapp.elimLunch2.FoodScatchWidget;
				PRODUCT_NAME = "$(TARGET_NAME)";
				SKIP_INSTALL = YES;
				SWIFT_EMIT_LOC_STRINGS = YES;
				SWIFT_VERSION = 5.0;
				TARGETED_DEVICE_FAMILY = "1,2";
			};
			name = Release;
		};
		4FA5151D2913B97500CACF17 /* Debug */ = {
			isa = XCBuildConfiguration;
			buildSettings = {
				ASSETCATALOG_COMPILER_GLOBAL_ACCENT_COLOR_NAME = AccentColor;
				ASSETCATALOG_COMPILER_WIDGET_BACKGROUND_COLOR_NAME = WidgetBackground;
				CLANG_CXX_LANGUAGE_STANDARD = "gnu++20";
				CODE_SIGN_STYLE = Automatic;
				CURRENT_PROJECT_VERSION = 1;
				DEVELOPMENT_TEAM = R98ZVC8RBD;
				GENERATE_INFOPLIST_FILE = YES;
				INFOPLIST_FILE = "Yu Widgets/Info.plist";
				INFOPLIST_KEY_CFBundleDisplayName = "Yu Widgets";
				INFOPLIST_KEY_NSHumanReadableCopyright = "";
				IPHONEOS_DEPLOYMENT_TARGET = 16.1;
				LD_RUNPATH_SEARCH_PATHS = (
					"$(inherited)",
					"@executable_path/Frameworks",
					"@executable_path/../../Frameworks",
				);
				MARKETING_VERSION = 1.0;
				PRODUCT_BUNDLE_IDENTIFIER = "vm11.elim.nowapp.elimLunch2.Yu-Widgets";
				PRODUCT_NAME = "$(TARGET_NAME)";
				SKIP_INSTALL = YES;
				SWIFT_EMIT_LOC_STRINGS = YES;
				SWIFT_VERSION = 5.0;
				TARGETED_DEVICE_FAMILY = "1,2";
			};
			name = Debug;
		};
		4FA5151E2913B97500CACF17 /* Release */ = {
			isa = XCBuildConfiguration;
			buildSettings = {
				ASSETCATALOG_COMPILER_GLOBAL_ACCENT_COLOR_NAME = AccentColor;
				ASSETCATALOG_COMPILER_WIDGET_BACKGROUND_COLOR_NAME = WidgetBackground;
				CLANG_CXX_LANGUAGE_STANDARD = "gnu++20";
				CODE_SIGN_STYLE = Automatic;
				CURRENT_PROJECT_VERSION = 1;
				DEVELOPMENT_TEAM = R98ZVC8RBD;
				GENERATE_INFOPLIST_FILE = YES;
				INFOPLIST_FILE = "Yu Widgets/Info.plist";
				INFOPLIST_KEY_CFBundleDisplayName = "Yu Widgets";
				INFOPLIST_KEY_NSHumanReadableCopyright = "";
				IPHONEOS_DEPLOYMENT_TARGET = 16.1;
				LD_RUNPATH_SEARCH_PATHS = (
					"$(inherited)",
					"@executable_path/Frameworks",
					"@executable_path/../../Frameworks",
				);
				MARKETING_VERSION = 1.0;
				PRODUCT_BUNDLE_IDENTIFIER = "vm11.elim.nowapp.elimLunch2.Yu-Widgets";
				PRODUCT_NAME = "$(TARGET_NAME)";
				SKIP_INSTALL = YES;
				SWIFT_EMIT_LOC_STRINGS = YES;
				SWIFT_VERSION = 5.0;
				TARGETED_DEVICE_FAMILY = "1,2";
			};
			name = Release;
		};
/* End XCBuildConfiguration section */

/* Begin XCConfigurationList section */
		4F8328442911F9F50069F936 /* Build configuration list for PBXProject "elimLunch" */ = {
			isa = XCConfigurationList;
			buildConfigurations = (
				4F8328552911F9F70069F936 /* Debug */,
				4F8328562911F9F70069F936 /* Release */,
			);
			defaultConfigurationIsVisible = 0;
			defaultConfigurationName = Release;
		};
		4F8328572911F9F70069F936 /* Build configuration list for PBXNativeTarget "elimLunch" */ = {
			isa = XCConfigurationList;
			buildConfigurations = (
				4F8328582911F9F70069F936 /* Debug */,
				4F8328592911F9F70069F936 /* Release */,
			);
			defaultConfigurationIsVisible = 0;
			defaultConfigurationName = Release;
		};
		4F8328702911FA6A0069F936 /* Build configuration list for PBXNativeTarget "FoodScatchWidgetExtension" */ = {
			isa = XCConfigurationList;
			buildConfigurations = (
				4F8328712911FA6A0069F936 /* Debug */,
				4F8328722911FA6A0069F936 /* Release */,
			);
			defaultConfigurationIsVisible = 0;
			defaultConfigurationName = Release;
		};
		4FA5151C2913B97500CACF17 /* Build configuration list for PBXNativeTarget "Yu WidgetsExtension" */ = {
			isa = XCConfigurationList;
			buildConfigurations = (
				4FA5151D2913B97500CACF17 /* Debug */,
				4FA5151E2913B97500CACF17 /* Release */,
			);
			defaultConfigurationIsVisible = 0;
			defaultConfigurationName = Release;
		};
/* End XCConfigurationList section */
	};
	rootObject = 4F8328412911F9F50069F936 /* Project object */;
}
